{
  "name": "jinliapp",
  "version": "1.0.0",
  "lockfileVersion": 1,
  "requires": true,
  "dependencies": {
    "lin-ui": {
      "version": "0.5.5",
      "resolved": "https://registry.npmjs.org/lin-ui/-/lin-ui-0.5.5.tgz",
      "integrity": "sha512-xxK/TDypaqFC56XBZJNxZYGudBZxjH+hQP/eMzv3Jq/bYMdrQZmzJMoUZOZjqXrR7tU9++IHw4nlzxTTRQpDqg=="
    },
    "vant-weapp": {
      "version": "0.5.14",
      "resolved": "https://registry.npmjs.org/vant-weapp/-/vant-weapp-0.5.14.tgz",
      "integrity": "sha512-Uv+Y6Ki2roy5+9WammDEdWd2oOZw2XnQsZ0jpPecp763NHqHGOdT8cUZEKCNvqS+FQFt/NN4umcDMZqWEvNE1w=="
    }
  }
}
